// !$*UTF8*$!
{
	archiveVersion = 1;
	classes = {
	};
	objectVersion = 46;
	objects = {

/* Begin PBXBuildFile section */
		7A2AF45B1472F71A000BB3AA /* UIKit.framework in Frameworks */ = {isa = PBXBuildFile; fileRef = F4A4D7041460A5E7006379FB /* UIKit.framework */; };
		7A2AF45C1472F71A000BB3AA /* Foundation.framework in Frameworks */ = {isa = PBXBuildFile; fileRef = F4A4D7061460A5E7006379FB /* Foundation.framework */; };
		7A2AF45D1472F71A000BB3AA /* CoreGraphics.framework in Frameworks */ = {isa = PBXBuildFile; fileRef = F4A4D7081460A5E7006379FB /* CoreGraphics.framework */; };
		7A2AF4631472F71A000BB3AA /* InfoPlist.strings in Resources */ = {isa = PBXBuildFile; fileRef = 7A2AF4611472F71A000BB3AA /* InfoPlist.strings */; };
		7A2AF47B1472F9B8000BB3AA /* main.m in Sources */ = {isa = PBXBuildFile; fileRef = 7A2AF47A1472F9B8000BB3AA /* main.m */; };
		7A2AF4881472FFD4000BB3AA /* libOCMock.a in Frameworks */ = {isa = PBXBuildFile; fileRef = 7A2AF4871472FFD4000BB3AA /* libOCMock.a */; };
		7A68D1DB1506AE6B00E6997F /* AppDelegate.m in Sources */ = {isa = PBXBuildFile; fileRef = F4A4D7161460A5E7006379FB /* AppDelegate.m */; };
		7A68D1E81506B05000E6997F /* CoreData.framework in Frameworks */ = {isa = PBXBuildFile; fileRef = F4A4D70A1460A5E7006379FB /* CoreData.framework */; };
		7A6DE2A61473065900A181C8 /* GHUnitIOS.framework in Frameworks */ = {isa = PBXBuildFile; fileRef = 7A6DE2A51473065900A181C8 /* GHUnitIOS.framework */; };
		7A752D66155B2B1900288007 /* MainStoryboard_iPhone.storyboard in Resources */ = {isa = PBXBuildFile; fileRef = 7A752D65155B2B1900288007 /* MainStoryboard_iPhone.storyboard */; };
		7A752D69155B2B6900288007 /* ViewController.m in Sources */ = {isa = PBXBuildFile; fileRef = 7A752D68155B2B6900288007 /* ViewController.m */; };
		7A752D6C155B2B8200288007 /* CalculatorBrain.m in Sources */ = {isa = PBXBuildFile; fileRef = 7A752D6B155B2B8200288007 /* CalculatorBrain.m */; };
		7A752D6D155B2B8200288007 /* CalculatorBrain.m in Sources */ = {isa = PBXBuildFile; fileRef = 7A752D6B155B2B8200288007 /* CalculatorBrain.m */; };
		7AFC6CD0155B25AB00171623 /* ExampleTests.m in Sources */ = {isa = PBXBuildFile; fileRef = 7AFC6CCF155B25AB00171623 /* ExampleTests.m */; };
		9AB44A251475959E0095B223 /* Localizable.strings in Resources */ = {isa = PBXBuildFile; fileRef = 9AB44A271475959E0095B223 /* Localizable.strings */; };
		F4A4D7051460A5E7006379FB /* UIKit.framework in Frameworks */ = {isa = PBXBuildFile; fileRef = F4A4D7041460A5E7006379FB /* UIKit.framework */; };
		F4A4D7071460A5E7006379FB /* Foundation.framework in Frameworks */ = {isa = PBXBuildFile; fileRef = F4A4D7061460A5E7006379FB /* Foundation.framework */; };
		F4A4D7091460A5E7006379FB /* CoreGraphics.framework in Frameworks */ = {isa = PBXBuildFile; fileRef = F4A4D7081460A5E7006379FB /* CoreGraphics.framework */; };
		F4A4D70B1460A5E7006379FB /* CoreData.framework in Frameworks */ = {isa = PBXBuildFile; fileRef = F4A4D70A1460A5E7006379FB /* CoreData.framework */; };
		F4A4D7111460A5E7006379FB /* InfoPlist.strings in Resources */ = {isa = PBXBuildFile; fileRef = F4A4D70F1460A5E7006379FB /* InfoPlist.strings */; };
		F4A4D7131460A5E7006379FB /* main.m in Sources */ = {isa = PBXBuildFile; fileRef = F4A4D7121460A5E7006379FB /* main.m */; };
		F4A4D7171460A5E7006379FB /* AppDelegate.m in Sources */ = {isa = PBXBuildFile; fileRef = F4A4D7161460A5E7006379FB /* AppDelegate.m */; };
/* End PBXBuildFile section */

/* Begin PBXFileReference section */
		7A2AF4591472F71A000BB3AA /* CalculatorTests.app */ = {isa = PBXFileReference; explicitFileType = wrapper.application; includeInIndex = 0; path = CalculatorTests.app; sourceTree = BUILT_PRODUCTS_DIR; };
		7A2AF4601472F71A000BB3AA /* CalculatorTests-Info.plist */ = {isa = PBXFileReference; lastKnownFileType = text.plist.xml; path = "CalculatorTests-Info.plist"; sourceTree = "<group>"; };
		7A2AF4621472F71A000BB3AA /* en */ = {isa = PBXFileReference; lastKnownFileType = text.plist.strings; name = en; path = en.lproj/InfoPlist.strings; sourceTree = "<group>"; };
		7A2AF4661472F71A000BB3AA /* CalculatorTests-Prefix.pch */ = {isa = PBXFileReference; lastKnownFileType = sourcecode.c.h; path = "CalculatorTests-Prefix.pch"; sourceTree = "<group>"; };
		7A2AF47A1472F9B8000BB3AA /* main.m */ = {isa = PBXFileReference; fileEncoding = 4; lastKnownFileType = sourcecode.c.objc; path = main.m; sourceTree = "<group>"; };
		7A2AF4871472FFD4000BB3AA /* libOCMock.a */ = {isa = PBXFileReference; lastKnownFileType = archive.ar; path = libOCMock.a; sourceTree = "<group>"; };
		7A2AF48A14730011000BB3AA /* NSNotificationCenter+OCMAdditions.h */ = {isa = PBXFileReference; fileEncoding = 4; lastKnownFileType = sourcecode.c.h; path = "NSNotificationCenter+OCMAdditions.h"; sourceTree = "<group>"; };
		7A2AF48B14730011000BB3AA /* OCMArg.h */ = {isa = PBXFileReference; fileEncoding = 4; lastKnownFileType = sourcecode.c.h; path = OCMArg.h; sourceTree = "<group>"; };
		7A2AF48C14730011000BB3AA /* OCMConstraint.h */ = {isa = PBXFileReference; fileEncoding = 4; lastKnownFileType = sourcecode.c.h; path = OCMConstraint.h; sourceTree = "<group>"; };
		7A2AF48D14730011000BB3AA /* OCMock.h */ = {isa = PBXFileReference; fileEncoding = 4; lastKnownFileType = sourcecode.c.h; path = OCMock.h; sourceTree = "<group>"; };
		7A2AF48E14730011000BB3AA /* OCMockObject.h */ = {isa = PBXFileReference; fileEncoding = 4; lastKnownFileType = sourcecode.c.h; path = OCMockObject.h; sourceTree = "<group>"; };
		7A2AF48F14730011000BB3AA /* OCMockRecorder.h */ = {isa = PBXFileReference; fileEncoding = 4; lastKnownFileType = sourcecode.c.h; path = OCMockRecorder.h; sourceTree = "<group>"; };
		7A6DE2A51473065900A181C8 /* GHUnitIOS.framework */ = {isa = PBXFileReference; lastKnownFileType = wrapper.framework; path = GHUnitIOS.framework; sourceTree = "<group>"; };
		7A752D65155B2B1900288007 /* MainStoryboard_iPhone.storyboard */ = {isa = PBXFileReference; fileEncoding = 4; lastKnownFileType = file.storyboard; path = MainStoryboard_iPhone.storyboard; sourceTree = "<group>"; };
		7A752D67155B2B6900288007 /* ViewController.h */ = {isa = PBXFileReference; fileEncoding = 4; lastKnownFileType = sourcecode.c.h; path = ViewController.h; sourceTree = "<group>"; };
		7A752D68155B2B6900288007 /* ViewController.m */ = {isa = PBXFileReference; fileEncoding = 4; lastKnownFileType = sourcecode.c.objc; path = ViewController.m; sourceTree = "<group>"; };
		7A752D6A155B2B8200288007 /* CalculatorBrain.h */ = {isa = PBXFileReference; fileEncoding = 4; lastKnownFileType = sourcecode.c.h; path = CalculatorBrain.h; sourceTree = "<group>"; };
		7A752D6B155B2B8200288007 /* CalculatorBrain.m */ = {isa = PBXFileReference; fileEncoding = 4; lastKnownFileType = sourcecode.c.objc; path = CalculatorBrain.m; sourceTree = "<group>"; };
		7AE36C4F14DB2A67003947CC /* RunTests.sh */ = {isa = PBXFileReference; lastKnownFileType = text.script.sh; name = RunTests.sh; path = ../RunTests.sh; sourceTree = "<group>"; };
		7AE36C5014DB2A67003947CC /* Makefile */ = {isa = PBXFileReference; lastKnownFileType = sourcecode.make; name = Makefile; path = ../Makefile; sourceTree = "<group>"; };
		7AE36C5114DB2A67003947CC /* BuildAndTest.sh */ = {isa = PBXFileReference; lastKnownFileType = text.script.sh; name = BuildAndTest.sh; path = ../BuildAndTest.sh; sourceTree = "<group>"; };
		7AFC6CCF155B25AB00171623 /* ExampleTests.m */ = {isa = PBXFileReference; fileEncoding = 4; lastKnownFileType = sourcecode.c.objc; path = ExampleTests.m; sourceTree = "<group>"; };
		9AB44A261475959E0095B223 /* en */ = {isa = PBXFileReference; lastKnownFileType = text.plist.strings; name = en; path = en.lproj/Localizable.strings; sourceTree = "<group>"; };
		9AB44A28147595B30095B223 /* es */ = {isa = PBXFileReference; lastKnownFileType = text.plist.strings; name = es; path = es.lproj/Localizable.strings; sourceTree = "<group>"; };
		F4A4D7001460A5E7006379FB /* Calculator.app */ = {isa = PBXFileReference; explicitFileType = wrapper.application; includeInIndex = 0; path = Calculator.app; sourceTree = BUILT_PRODUCTS_DIR; };
		F4A4D7041460A5E7006379FB /* UIKit.framework */ = {isa = PBXFileReference; lastKnownFileType = wrapper.framework; name = UIKit.framework; path = System/Library/Frameworks/UIKit.framework; sourceTree = SDKROOT; };
		F4A4D7061460A5E7006379FB /* Foundation.framework */ = {isa = PBXFileReference; lastKnownFileType = wrapper.framework; name = Foundation.framework; path = System/Library/Frameworks/Foundation.framework; sourceTree = SDKROOT; };
		F4A4D7081460A5E7006379FB /* CoreGraphics.framework */ = {isa = PBXFileReference; lastKnownFileType = wrapper.framework; name = CoreGraphics.framework; path = System/Library/Frameworks/CoreGraphics.framework; sourceTree = SDKROOT; };
		F4A4D70A1460A5E7006379FB /* CoreData.framework */ = {isa = PBXFileReference; lastKnownFileType = wrapper.framework; name = CoreData.framework; path = System/Library/Frameworks/CoreData.framework; sourceTree = SDKROOT; };
		F4A4D70E1460A5E7006379FB /* Calculator-Info.plist */ = {isa = PBXFileReference; lastKnownFileType = text.plist.xml; path = "Calculator-Info.plist"; sourceTree = "<group>"; };
		F4A4D7101460A5E7006379FB /* en */ = {isa = PBXFileReference; lastKnownFileType = text.plist.strings; name = en; path = en.lproj/InfoPlist.strings; sourceTree = "<group>"; };
		F4A4D7121460A5E7006379FB /* main.m */ = {isa = PBXFileReference; lastKnownFileType = sourcecode.c.objc; path = main.m; sourceTree = "<group>"; };
		F4A4D7141460A5E7006379FB /* Calculator-Prefix.pch */ = {isa = PBXFileReference; lastKnownFileType = sourcecode.c.h; path = "Calculator-Prefix.pch"; sourceTree = "<group>"; };
		F4A4D7151460A5E7006379FB /* AppDelegate.h */ = {isa = PBXFileReference; lastKnownFileType = sourcecode.c.h; path = AppDelegate.h; sourceTree = "<group>"; };
		F4A4D7161460A5E7006379FB /* AppDelegate.m */ = {isa = PBXFileReference; lastKnownFileType = sourcecode.c.objc; path = AppDelegate.m; sourceTree = "<group>"; };
		F4A4D7211460A5E7006379FB /* SenTestingKit.framework */ = {isa = PBXFileReference; lastKnownFileType = wrapper.framework; name = SenTestingKit.framework; path = Library/Frameworks/SenTestingKit.framework; sourceTree = DEVELOPER_DIR; };
/* End PBXFileReference section */

/* Begin PBXFrameworksBuildPhase section */
		7A2AF4561472F71A000BB3AA /* Frameworks */ = {
			isa = PBXFrameworksBuildPhase;
			buildActionMask = 2147483647;
			files = (
				7A2AF45B1472F71A000BB3AA /* UIKit.framework in Frameworks */,
				7A2AF45C1472F71A000BB3AA /* Foundation.framework in Frameworks */,
				7A2AF45D1472F71A000BB3AA /* CoreGraphics.framework in Frameworks */,
				7A2AF4881472FFD4000BB3AA /* libOCMock.a in Frameworks */,
				7A6DE2A61473065900A181C8 /* GHUnitIOS.framework in Frameworks */,
				7A68D1E81506B05000E6997F /* CoreData.framework in Frameworks */,
			);
			runOnlyForDeploymentPostprocessing = 0;
		};
		F4A4D6FD1460A5E7006379FB /* Frameworks */ = {
			isa = PBXFrameworksBuildPhase;
			buildActionMask = 2147483647;
			files = (
				F4A4D7051460A5E7006379FB /* UIKit.framework in Frameworks */,
				F4A4D7071460A5E7006379FB /* Foundation.framework in Frameworks */,
				F4A4D7091460A5E7006379FB /* CoreGraphics.framework in Frameworks */,
				F4A4D70B1460A5E7006379FB /* CoreData.framework in Frameworks */,
			);
			runOnlyForDeploymentPostprocessing = 0;
		};
/* End PBXFrameworksBuildPhase section */

/* Begin PBXGroup section */
		7A2AF45E1472F71A000BB3AA /* CalcTests */ = {
			isa = PBXGroup;
			children = (
				7AE36C4E14DB297A003947CC /* JenkinsHooks */,
				7A2AF47E1472FD88000BB3AA /* Tests */,
				7A2AF45F1472F71A000BB3AA /* Supporting Files */,
			);
			name = CalcTests;
			path = Calc_BrainTests;
			sourceTree = "<group>";
		};
		7A2AF45F1472F71A000BB3AA /* Supporting Files */ = {
			isa = PBXGroup;
			children = (
				7A2AF4601472F71A000BB3AA /* CalculatorTests-Info.plist */,
				7A2AF4611472F71A000BB3AA /* InfoPlist.strings */,
				7A2AF47A1472F9B8000BB3AA /* main.m */,
				7A2AF4661472F71A000BB3AA /* CalculatorTests-Prefix.pch */,
				7A2AF4821472FF1E000BB3AA /* Libraries */,
			);
			name = "Supporting Files";
			sourceTree = "<group>";
		};
		7A2AF47E1472FD88000BB3AA /* Tests */ = {
			isa = PBXGroup;
			children = (
				7AFC6CCF155B25AB00171623 /* ExampleTests.m */,
			);
			name = Tests;
			sourceTree = "<group>";
		};
		7A2AF4821472FF1E000BB3AA /* Libraries */ = {
			isa = PBXGroup;
			children = (
				7A2AF48914730011000BB3AA /* OCMock */,
				7A2AF4871472FFD4000BB3AA /* libOCMock.a */,
			);
			name = Libraries;
			sourceTree = "<group>";
		};
		7A2AF48914730011000BB3AA /* OCMock */ = {
			isa = PBXGroup;
			children = (
				7A2AF48A14730011000BB3AA /* NSNotificationCenter+OCMAdditions.h */,
				7A2AF48B14730011000BB3AA /* OCMArg.h */,
				7A2AF48C14730011000BB3AA /* OCMConstraint.h */,
				7A2AF48D14730011000BB3AA /* OCMock.h */,
				7A2AF48E14730011000BB3AA /* OCMockObject.h */,
				7A2AF48F14730011000BB3AA /* OCMockRecorder.h */,
			);
			path = OCMock;
			sourceTree = "<group>";
		};
		7A463018155B6C230041C3C7 /* Calc_Brain */ = {
			isa = PBXGroup;
			children = (
				7A752D6A155B2B8200288007 /* CalculatorBrain.h */,
				7A752D6B155B2B8200288007 /* CalculatorBrain.m */,
			);
			name = Calc_Brain;
			sourceTree = "<group>";
		};
		7A46301A155B6C430041C3C7 /* Delegates */ = {
			isa = PBXGroup;
			children = (
				F4A4D7151460A5E7006379FB /* AppDelegate.h */,
				7A752D65155B2B1900288007 /* MainStoryboard_iPhone.storyboard */,
				F4A4D7161460A5E7006379FB /* AppDelegate.m */,
			);
			name = Delegates;
			sourceTree = "<group>";
		};
		7AE36C4E14DB297A003947CC /* JenkinsHooks */ = {
			isa = PBXGroup;
			children = (
				7AE36C4F14DB2A67003947CC /* RunTests.sh */,
				7AE36C5014DB2A67003947CC /* Makefile */,
				7AE36C5114DB2A67003947CC /* BuildAndTest.sh */,
			);
			name = JenkinsHooks;
			sourceTree = "<group>";
		};
		F4A4D6F51460A5E7006379FB = {
			isa = PBXGroup;
			children = (
				F4A4D70C1460A5E7006379FB /* Calc */,
				7A2AF45E1472F71A000BB3AA /* CalcTests */,
				F4A4D7031460A5E7006379FB /* Frameworks */,
				F4A4D7011460A5E7006379FB /* Products */,
			);
			sourceTree = "<group>";
		};
		F4A4D7011460A5E7006379FB /* Products */ = {
			isa = PBXGroup;
			children = (
				F4A4D7001460A5E7006379FB /* Calculator.app */,
				7A2AF4591472F71A000BB3AA /* CalculatorTests.app */,
			);
			name = Products;
			sourceTree = "<group>";
		};
		F4A4D7031460A5E7006379FB /* Frameworks */ = {
			isa = PBXGroup;
			children = (
				7A6DE2A51473065900A181C8 /* GHUnitIOS.framework */,
				F4A4D7041460A5E7006379FB /* UIKit.framework */,
				F4A4D7061460A5E7006379FB /* Foundation.framework */,
				F4A4D7081460A5E7006379FB /* CoreGraphics.framework */,
				F4A4D70A1460A5E7006379FB /* CoreData.framework */,
				F4A4D7211460A5E7006379FB /* SenTestingKit.framework */,
			);
			name = Frameworks;
			sourceTree = "<group>";
		};
		F4A4D70C1460A5E7006379FB /* Calc */ = {
			isa = PBXGroup;
			children = (
				7A46301A155B6C430041C3C7 /* Delegates */,
				7A463018155B6C230041C3C7 /* Calc_Brain */,
				7A752D67155B2B6900288007 /* ViewController.h */,
				7A752D68155B2B6900288007 /* ViewController.m */,
				F4A4D70D1460A5E7006379FB /* Supporting Files */,
			);
			name = Calc;
			path = Calc_Brain;
			sourceTree = "<group>";
		};
		F4A4D70D1460A5E7006379FB /* Supporting Files */ = {
			isa = PBXGroup;
			children = (
				F4A4D70E1460A5E7006379FB /* Calculator-Info.plist */,
				F4A4D70F1460A5E7006379FB /* InfoPlist.strings */,
				F4A4D7141460A5E7006379FB /* Calculator-Prefix.pch */,
				F4A4D7121460A5E7006379FB /* main.m */,
				9AB44A271475959E0095B223 /* Localizable.strings */,
			);
			name = "Supporting Files";
			sourceTree = "<group>";
		};
/* End PBXGroup section */

/* Begin PBXNativeTarget section */
		7A2AF4581472F71A000BB3AA /* CalculatorTests */ = {
			isa = PBXNativeTarget;
			buildConfigurationList = 7A2AF4731472F71A000BB3AA /* Build configuration list for PBXNativeTarget "CalculatorTests" */;
			buildPhases = (
				7A2AF4551472F71A000BB3AA /* Sources */,
				7A2AF4561472F71A000BB3AA /* Frameworks */,
				7A2AF4571472F71A000BB3AA /* Resources */,
				7AE36C4914DB2957003947CC /* ShellScript */,
			);
			buildRules = (
			);
			dependencies = (
			);
			name = CalculatorTests;
			productName = Calc_BrainTests;
			productReference = 7A2AF4591472F71A000BB3AA /* CalculatorTests.app */;
			productType = "com.apple.product-type.application";
		};
		F4A4D6FF1460A5E7006379FB /* Calculator */ = {
			isa = PBXNativeTarget;
			buildConfigurationList = F4A4D7331460A5E7006379FB /* Build configuration list for PBXNativeTarget "Calculator" */;
			buildPhases = (
				F4A4D6FC1460A5E7006379FB /* Sources */,
				F4A4D6FD1460A5E7006379FB /* Frameworks */,
				F4A4D6FE1460A5E7006379FB /* Resources */,
			);
			buildRules = (
			);
			dependencies = (
			);
			name = Calculator;
			productName = Calc_Brain;
			productReference = F4A4D7001460A5E7006379FB /* Calculator.app */;
			productType = "com.apple.product-type.application";
		};
/* End PBXNativeTarget section */

/* Begin PBXProject section */
		F4A4D6F71460A5E7006379FB /* Project object */ = {
			isa = PBXProject;
			attributes = {
				LastUpgradeCheck = 0430;
			};
			buildConfigurationList = F4A4D6FA1460A5E7006379FB /* Build configuration list for PBXProject "Calculator" */;
			compatibilityVersion = "Xcode 3.2";
			developmentRegion = English;
			hasScannedForEncodings = 0;
			knownRegions = (
				en,
				es,
			);
			mainGroup = F4A4D6F51460A5E7006379FB;
			productRefGroup = F4A4D7011460A5E7006379FB /* Products */;
			projectDirPath = "";
			projectRoot = "";
			targets = (
				F4A4D6FF1460A5E7006379FB /* Calculator */,
				7A2AF4581472F71A000BB3AA /* CalculatorTests */,
			);
		};
/* End PBXProject section */

/* Begin PBXResourcesBuildPhase section */
		7A2AF4571472F71A000BB3AA /* Resources */ = {
			isa = PBXResourcesBuildPhase;
			buildActionMask = 2147483647;
			files = (
				7A2AF4631472F71A000BB3AA /* InfoPlist.strings in Resources */,
			);
			runOnlyForDeploymentPostprocessing = 0;
		};
		F4A4D6FE1460A5E7006379FB /* Resources */ = {
			isa = PBXResourcesBuildPhase;
			buildActionMask = 2147483647;
			files = (
				F4A4D7111460A5E7006379FB /* InfoPlist.strings in Resources */,
				9AB44A251475959E0095B223 /* Localizable.strings in Resources */,
				7A752D66155B2B1900288007 /* MainStoryboard_iPhone.storyboard in Resources */,
			);
			runOnlyForDeploymentPostprocessing = 0;
		};
/* End PBXResourcesBuildPhase section */

/* Begin PBXShellScriptBuildPhase section */
		7AE36C4914DB2957003947CC /* ShellScript */ = {
			isa = PBXShellScriptBuildPhase;
			buildActionMask = 2147483647;
			files = (
			);
			inputPaths = (
			);
			outputPaths = (
			);
			runOnlyForDeploymentPostprocessing = 0;
			shellPath = /bin/sh;
			shellScript = "exec \"${PROJECT_DIR}/RunTests.sh\"";
		};
/* End PBXShellScriptBuildPhase section */

/* Begin PBXSourcesBuildPhase section */
		7A2AF4551472F71A000BB3AA /* Sources */ = {
			isa = PBXSourcesBuildPhase;
			buildActionMask = 2147483647;
			files = (
				7A2AF47B1472F9B8000BB3AA /* main.m in Sources */,
				7A68D1DB1506AE6B00E6997F /* AppDelegate.m in Sources */,
				7AFC6CD0155B25AB00171623 /* ExampleTests.m in Sources */,
				7A752D6D155B2B8200288007 /* CalculatorBrain.m in Sources */,
			);
			runOnlyForDeploymentPostprocessing = 0;
		};
		F4A4D6FC1460A5E7006379FB /* Sources */ = {
			isa = PBXSourcesBuildPhase;
			buildActionMask = 2147483647;
			files = (
				F4A4D7131460A5E7006379FB /* main.m in Sources */,
				F4A4D7171460A5E7006379FB /* AppDelegate.m in Sources */,
				7A752D69155B2B6900288007 /* ViewController.m in Sources */,
				7A752D6C155B2B8200288007 /* CalculatorBrain.m in Sources */,
			);
			runOnlyForDeploymentPostprocessing = 0;
		};
/* End PBXSourcesBuildPhase section */

/* Begin PBXVariantGroup section */
		7A2AF4611472F71A000BB3AA /* InfoPlist.strings */ = {
			isa = PBXVariantGroup;
			children = (
				7A2AF4621472F71A000BB3AA /* en */,
			);
			name = InfoPlist.strings;
			sourceTree = "<group>";
		};
		9AB44A271475959E0095B223 /* Localizable.strings */ = {
			isa = PBXVariantGroup;
			children = (
				9AB44A261475959E0095B223 /* en */,
				9AB44A28147595B30095B223 /* es */,
			);
			name = Localizable.strings;
			sourceTree = "<group>";
		};
		F4A4D70F1460A5E7006379FB /* InfoPlist.strings */ = {
			isa = PBXVariantGroup;
			children = (
				F4A4D7101460A5E7006379FB /* en */,
			);
			name = InfoPlist.strings;
			sourceTree = "<group>";
		};
/* End PBXVariantGroup section */

/* Begin XCBuildConfiguration section */
		7A2AF4741472F71A000BB3AA /* Debug */ = {
			isa = XCBuildConfiguration;
			buildSettings = {
				CLANG_ENABLE_OBJC_ARC = YES;
				"CODE_SIGN_IDENTITY[sdk=iphoneos*]" = "iPhone Developer";
				FRAMEWORK_SEARCH_PATHS = (
					"$(inherited)",
					"\"$(SRCROOT)/GHUnitIOS.framework\"",
					"\"$(SRCROOT)\"",
				);
				GCC_PRECOMPILE_PREFIX_HEADER = YES;
				GCC_PREFIX_HEADER = "Calc_BrainTests/CalculatorTests-Prefix.pch";
				"HEADER_SEARCH_PATHS[arch=*]" = "\"$(SRCROOT)/Calc_BrainTests";
				INFOPLIST_FILE = "Calc_BrainTests/CalculatorTests-Info.plist";
				LIBRARY_SEARCH_PATHS = (
					"$(inherited)",
					"\"$(SRCROOT)\"/**",
					"\"$(SRCROOT)/Calc_BrainTests\"",
				);
				"OTHER_LDFLAGS[arch=*]" = (
					"-ObjC",
					"-all_load",
				);
				PRODUCT_NAME = CalculatorTests;
				SDKROOT = iphoneos;
				TARGETED_DEVICE_FAMILY = "1,2";
				WRAPPER_EXTENSION = app;
			};
			name = Debug;
		};
		7A2AF4751472F71A000BB3AA /* Release */ = {
			isa = XCBuildConfiguration;
			buildSettings = {
				CLANG_ENABLE_OBJC_ARC = YES;
				"CODE_SIGN_IDENTITY[sdk=iphoneos*]" = "iPhone Developer";
				FRAMEWORK_SEARCH_PATHS = (
					"$(inherited)",
					"\"$(SRCROOT)/GHUnitIOS.framework\"",
					"\"$(SRCROOT)\"",
				);
				GCC_PRECOMPILE_PREFIX_HEADER = YES;
				GCC_PREFIX_HEADER = "Calc_BrainTests/CalculatorTests-Prefix.pch";
				INFOPLIST_FILE = "Calc_BrainTests/CalculatorTests-Info.plist";
				LIBRARY_SEARCH_PATHS = (
					"$(inherited)",
					"\"$(SRCROOT)\"/**",
					"\"$(SRCROOT)/Calc_BrainTests\"",
				);
				PRODUCT_NAME = CalculatorTests;
				SDKROOT = iphoneos;
				TARGETED_DEVICE_FAMILY = "1,2";
				WRAPPER_EXTENSION = app;
			};
			name = Release;
		};
		F4A4D7311460A5E7006379FB /* Debug */ = {
			isa = XCBuildConfiguration;
			buildSettings = {
				ALWAYS_SEARCH_USER_PATHS = NO;
				ARCHS = "$(ARCHS_STANDARD_32_BIT)";
				"CODE_SIGN_IDENTITY[sdk=iphoneos*]" = "iPhone Developer";
				COPY_PHASE_STRIP = NO;
				GCC_C_LANGUAGE_STANDARD = gnu99;
				GCC_DYNAMIC_NO_PIC = NO;
				GCC_OPTIMIZATION_LEVEL = 0;
				GCC_PREPROCESSOR_DEFINITIONS = (
					"DEBUG=1",
					"$(inherited)",
				);
				GCC_SYMBOLS_PRIVATE_EXTERN = NO;
				GCC_VERSION = com.apple.compilers.llvm.clang.1_0;
				GCC_WARN_ABOUT_MISSING_PROTOTYPES = YES;
				GCC_WARN_ABOUT_RETURN_TYPE = YES;
				GCC_WARN_UNUSED_VARIABLE = YES;
				IPHONEOS_DEPLOYMENT_TARGET = 5.0;
				SDKROOT = iphoneos;
			};
			name = Debug;
		};
		F4A4D7321460A5E7006379FB /* Release */ = {
			isa = XCBuildConfiguration;
			buildSettings = {
				ALWAYS_SEARCH_USER_PATHS = NO;
				ARCHS = "$(ARCHS_STANDARD_32_BIT)";
				"CODE_SIGN_IDENTITY[sdk=iphoneos*]" = "iPhone Developer";
				COPY_PHASE_STRIP = YES;
				GCC_C_LANGUAGE_STANDARD = gnu99;
				GCC_VERSION = com.apple.compilers.llvm.clang.1_0;
				GCC_WARN_ABOUT_MISSING_PROTOTYPES = YES;
				GCC_WARN_ABOUT_RETURN_TYPE = YES;
				GCC_WARN_UNUSED_VARIABLE = YES;
				IPHONEOS_DEPLOYMENT_TARGET = 5.0;
				OTHER_CFLAGS = "-DNS_BLOCK_ASSERTIONS=1";
				SDKROOT = iphoneos;
				VALIDATE_PRODUCT = YES;
			};
			name = Release;
		};
		F4A4D7341460A5E7006379FB /* Debug */ = {
			isa = XCBuildConfiguration;
			buildSettings = {
				FRAMEWORK_SEARCH_PATHS = (
					"$(inherited)",
					"\"$(SRCROOT)\"",
				);
				GCC_PRECOMPILE_PREFIX_HEADER = YES;
				GCC_PREFIX_HEADER = "Calc_Brain/Calculator-Prefix.pch";
				INFOPLIST_FILE = "Calc_Brain/Calculator-Info.plist";
				PRODUCT_NAME = Calculator;
				WRAPPER_EXTENSION = app;
			};
			name = Debug;
		};
		F4A4D7351460A5E7006379FB /* Release */ = {
			isa = XCBuildConfiguration;
			buildSettings = {
				FRAMEWORK_SEARCH_PATHS = (
					"$(inherited)",
					"\"$(SRCROOT)\"",
				);
				GCC_PRECOMPILE_PREFIX_HEADER = YES;
				GCC_PREFIX_HEADER = "Calc_Brain/Calculator-Prefix.pch";
				INFOPLIST_FILE = "Calc_Brain/Calculator-Info.plist";
				PRODUCT_NAME = Calculator;
				WRAPPER_EXTENSION = app;
			};
			name = Release;
		};
/* End XCBuildConfiguration section */

/* Begin XCConfigurationList section */
		7A2AF4731472F71A000BB3AA /* Build configuration list for PBXNativeTarget "CalculatorTests" */ = {
			isa = XCConfigurationList;
			buildConfigurations = (
				7A2AF4741472F71A000BB3AA /* Debug */,
				7A2AF4751472F71A000BB3AA /* Release */,
			);
			defaultConfigurationIsVisible = 0;
			defaultConfigurationName = Release;
		};
		F4A4D6FA1460A5E7006379FB /* Build configuration list for PBXProject "Calculator" */ = {
			isa = XCConfigurationList;
			buildConfigurations = (
				F4A4D7311460A5E7006379FB /* Debug */,
				F4A4D7321460A5E7006379FB /* Release */,
			);
			defaultConfigurationIsVisible = 0;
			defaultConfigurationName = Release;
		};
		F4A4D7331460A5E7006379FB /* Build configuration list for PBXNativeTarget "Calculator" */ = {
			isa = XCConfigurationList;
			buildConfigurations = (
				F4A4D7341460A5E7006379FB /* Debug */,
				F4A4D7351460A5E7006379FB /* Release */,
			);
			defaultConfigurationIsVisible = 0;
			defaultConfigurationName = Release;
		};
/* End XCConfigurationList section */
	};
	rootObject = F4A4D6F71460A5E7006379FB /* Project object */;
}
